// !$*UTF8*$!
{
	archiveVersion = 1;
	classes = {
	};
	objectVersion = 77;
	objects = {

/* Begin PBXBuildFile section */
		17D895C82F17E10300FE1698 /* gphoto2.framework in Frameworks */ = {isa = PBXBuildFile; fileRef = 17D895C32F17E09B00FE1698 /* gphoto2.framework */; };
		17D895C92F17E10300FE1698 /* gphoto2.framework in Embed Frameworks */ = {isa = PBXBuildFile; fileRef = 17D895C32F17E09B00FE1698 /* gphoto2.framework */; settings = {ATTRIBUTES = (CodeSignOnCopy, RemoveHeadersOnCopy, ); }; };
		18C1A0D62F1A000100000001 /* Clerk in Frameworks */ = {isa = PBXBuildFile; productRef = 18C1A0D52F1A000100000001 /* Clerk */; };
/* End PBXBuildFile section */

/* Begin PBXContainerItemProxy section */
		179FE9BA2F178F660090EBC9 /* PBXContainerItemProxy */ = {
			isa = PBXContainerItemProxy;
			containerPortal = 179FE9A42F178F650090EBC9 /* Project object */;
			proxyType = 1;
			remoteGlobalIDString = 179FE9AB2F178F650090EBC9;
			remoteInfo = SabaiPicsStudio;
		};
		179FE9C42F178F660090EBC9 /* PBXContainerItemProxy */ = {
			isa = PBXContainerItemProxy;
			containerPortal = 179FE9A42F178F650090EBC9 /* Project object */;
			proxyType = 1;
			remoteGlobalIDString = 179FE9AB2F178F650090EBC9;
			remoteInfo = SabaiPicsStudio;
		};
		17D895C22F17E09B00FE1698 /* PBXContainerItemProxy */ = {
			isa = PBXContainerItemProxy;
			containerPortal = 17D895BB2F17E09B00FE1698 /* GPhoto2Framework.xcodeproj */;
			proxyType = 2;
			remoteGlobalIDString = 89D2FD0D217CE88100B2C9D4;
			remoteInfo = gphoto2;
		};
/* End PBXContainerItemProxy section */

/* Begin PBXCopyFilesBuildPhase section */
		17D895CA2F17E10300FE1698 /* Embed Frameworks */ = {
			isa = PBXCopyFilesBuildPhase;
			buildActionMask = 2147483647;
			dstPath = "";
			dstSubfolderSpec = 10;
			files = (
				17D895C92F17E10300FE1698 /* gphoto2.framework in Embed Frameworks */,
			);
			name = "Embed Frameworks";
			runOnlyForDeploymentPostprocessing = 0;
		};
/* End PBXCopyFilesBuildPhase section */

/* Begin PBXFileReference section */
		179FE9AC2F178F650090EBC9 /* SabaiPicsStudio.app */ = {isa = PBXFileReference; explicitFileType = wrapper.application; includeInIndex = 0; path = SabaiPicsStudio.app; sourceTree = BUILT_PRODUCTS_DIR; };
		179FE9B92F178F660090EBC9 /* SabaiPicsStudioTests.xctest */ = {isa = PBXFileReference; explicitFileType = wrapper.cfbundle; includeInIndex = 0; path = SabaiPicsStudioTests.xctest; sourceTree = BUILT_PRODUCTS_DIR; };
		179FE9C32F178F660090EBC9 /* SabaiPicsStudioUITests.xctest */ = {isa = PBXFileReference; explicitFileType = wrapper.cfbundle; includeInIndex = 0; path = SabaiPicsStudioUITests.xctest; sourceTree = BUILT_PRODUCTS_DIR; };
		17D895BB2F17E09B00FE1698 /* GPhoto2Framework.xcodeproj */ = {isa = PBXFileReference; lastKnownFileType = "wrapper.pb-project"; name = GPhoto2Framework.xcodeproj; path = Vendor/GPhoto2Framework/GPhoto2Framework/GPhoto2Framework.xcodeproj; sourceTree = "<group>"; };
		18C1A0D72F1A000100000001 /* Studio.Debug.xcconfig */ = {isa = PBXFileReference; lastKnownFileType = text.xcconfig; name = Studio.Debug.xcconfig; path = Config/Studio.Debug.xcconfig; sourceTree = "<group>"; };
		18C1A0D82F1A000100000001 /* Studio.Release.xcconfig */ = {isa = PBXFileReference; lastKnownFileType = text.xcconfig; name = Studio.Release.xcconfig; path = Config/Studio.Release.xcconfig; sourceTree = "<group>"; };
		18C1A0D92F1A000100000001 /* Studio.Local.xcconfig */ = {isa = PBXFileReference; lastKnownFileType = text.xcconfig; name = Studio.Local.xcconfig; path = Config/Studio.Local.xcconfig; sourceTree = "<group>"; };
		18C1A0DA2F1A000100000001 /* Studio.Local.xcconfig.example */ = {isa = PBXFileReference; lastKnownFileType = text.xcconfig; name = Studio.Local.xcconfig.example; path = Config/Studio.Local.xcconfig.example; sourceTree = "<group>"; };
		18D9B5F82F1A111100000002 /* SabaiPicsStudio-Info.plist */ = {isa = PBXFileReference; lastKnownFileType = text.plist.xml; name = "SabaiPicsStudio-Info.plist"; path = "Config/SabaiPicsStudio-Info.plist"; sourceTree = "<group>"; };
/* End PBXFileReference section */

/* Begin PBXFileSystemSynchronizedRootGroup section */
		179FE9AE2F178F650090EBC9 /* SabaiPicsStudio */ = {
			isa = PBXFileSystemSynchronizedRootGroup;
			path = SabaiPicsStudio;
			sourceTree = "<group>";
		};
		179FE9BC2F178F660090EBC9 /* SabaiPicsStudioTests */ = {
			isa = PBXFileSystemSynchronizedRootGroup;
			path = SabaiPicsStudioTests;
			sourceTree = "<group>";
		};
		179FE9C62F178F660090EBC9 /* SabaiPicsStudioUITests */ = {
			isa = PBXFileSystemSynchronizedRootGroup;
			path = SabaiPicsStudioUITests;
			sourceTree = "<group>";
		};
/* End PBXFileSystemSynchronizedRootGroup section */

/* Begin PBXFrameworksBuildPhase section */
		179FE9A92F178F650090EBC9 /* Frameworks */ = {
			isa = PBXFrameworksBuildPhase;
			buildActionMask = 2147483647;
			files = (
				18C1A0D62F1A000100000001 /* Clerk in Frameworks */,
				17D895C82F17E10300FE1698 /* gphoto2.framework in Frameworks */,
			);
			runOnlyForDeploymentPostprocessing = 0;
		};
		179FE9B62F178F660090EBC9 /* Frameworks */ = {
			isa = PBXFrameworksBuildPhase;
			buildActionMask = 2147483647;
			files = (
			);
			runOnlyForDeploymentPostprocessing = 0;
		};
		179FE9C02F178F660090EBC9 /* Frameworks */ = {
			isa = PBXFrameworksBuildPhase;
			buildActionMask = 2147483647;
			files = (
			);
			runOnlyForDeploymentPostprocessing = 0;
		};
/* End PBXFrameworksBuildPhase section */

/* Begin PBXGroup section */
		179FE9A32F178F650090EBC9 = {
			isa = PBXGroup;
			children = (
				18C1A0D72F1A000100000001 /* Studio.Debug.xcconfig */,
				18D9B5F82F1A111100000002 /* SabaiPicsStudio-Info.plist */,
				18C1A0D92F1A000100000001 /* Studio.Local.xcconfig */,
				18C1A0DA2F1A000100000001 /* Studio.Local.xcconfig.example */,
				18C1A0D82F1A000100000001 /* Studio.Release.xcconfig */,
				17D895BB2F17E09B00FE1698 /* GPhoto2Framework.xcodeproj */,
				179FE9AE2F178F650090EBC9 /* SabaiPicsStudio */,
				179FE9BC2F178F660090EBC9 /* SabaiPicsStudioTests */,
				179FE9C62F178F660090EBC9 /* SabaiPicsStudioUITests */,
				17D895C42F17E0E800FE1698 /* Frameworks */,
				179FE9AD2F178F650090EBC9 /* Products */,
			);
			sourceTree = "<group>";
		};
		179FE9AD2F178F650090EBC9 /* Products */ = {
			isa = PBXGroup;
			children = (
				179FE9AC2F178F650090EBC9 /* SabaiPicsStudio.app */,
				179FE9B92F178F660090EBC9 /* SabaiPicsStudioTests.xctest */,
				179FE9C32F178F660090EBC9 /* SabaiPicsStudioUITests.xctest */,
			);
			name = Products;
			sourceTree = "<group>";
		};
		17D895BC2F17E09B00FE1698 /* Products */ = {
			isa = PBXGroup;
			children = (
				17D895C32F17E09B00FE1698 /* gphoto2.framework */,
			);
			name = Products;
			sourceTree = "<group>";
		};
		17D895C42F17E0E800FE1698 /* Frameworks */ = {
			isa = PBXGroup;
			children = (
			);
			name = Frameworks;
			sourceTree = "<group>";
		};
/* End PBXGroup section */

/* Begin PBXNativeTarget section */
		179FE9AB2F178F650090EBC9 /* SabaiPicsStudio */ = {
			isa = PBXNativeTarget;
			buildConfigurationList = 179FE9CD2F178F660090EBC9 /* Build configuration list for PBXNativeTarget "SabaiPicsStudio" */;
			buildPhases = (
				179FE9A82F178F650090EBC9 /* Sources */,
				179FE9A92F178F650090EBC9 /* Frameworks */,
				179FE9AA2F178F650090EBC9 /* Resources */,
				17D895CA2F17E10300FE1698 /* Embed Frameworks */,
			);
			buildRules = (
			);
			dependencies = (
			);
			fileSystemSynchronizedGroups = (
				179FE9AE2F178F650090EBC9 /* SabaiPicsStudio */,
			);
			name = SabaiPicsStudio;
			packageProductDependencies = (
				18C1A0D52F1A000100000001 /* Clerk */,
			);
			productName = SabaiPicsStudio;
			productReference = 179FE9AC2F178F650090EBC9 /* SabaiPicsStudio.app */;
			productType = "com.apple.product-type.application";
		};
		179FE9B82F178F660090EBC9 /* SabaiPicsStudioTests */ = {
			isa = PBXNativeTarget;
			buildConfigurationList = 179FE9D02F178F660090EBC9 /* Build configuration list for PBXNativeTarget "SabaiPicsStudioTests" */;
			buildPhases = (
				179FE9B52F178F660090EBC9 /* Sources */,
				179FE9B62F178F660090EBC9 /* Frameworks */,
				179FE9B72F178F660090EBC9 /* Resources */,
			);
			buildRules = (
			);
			dependencies = (
				179FE9BB2F178F660090EBC9 /* PBXTargetDependency */,
			);
			fileSystemSynchronizedGroups = (
				179FE9BC2F178F660090EBC9 /* SabaiPicsStudioTests */,
			);
			name = SabaiPicsStudioTests;
			packageProductDependencies = (
			);
			productName = SabaiPicsStudioTests;
			productReference = 179FE9B92F178F660090EBC9 /* SabaiPicsStudioTests.xctest */;
			productType = "com.apple.product-type.bundle.unit-test";
		};
		179FE9C22F178F660090EBC9 /* SabaiPicsStudioUITests */ = {
			isa = PBXNativeTarget;
			buildConfigurationList = 179FE9D32F178F660090EBC9 /* Build configuration list for PBXNativeTarget "SabaiPicsStudioUITests" */;
			buildPhases = (
				179FE9BF2F178F660090EBC9 /* Sources */,
				179FE9C02F178F660090EBC9 /* Frameworks */,
				179FE9C12F178F660090EBC9 /* Resources */,
			);
			buildRules = (
			);
			dependencies = (
				179FE9C52F178F660090EBC9 /* PBXTargetDependency */,
			);
			fileSystemSynchronizedGroups = (
				179FE9C62F178F660090EBC9 /* SabaiPicsStudioUITests */,
			);
			name = SabaiPicsStudioUITests;
			packageProductDependencies = (
			);
			productName = SabaiPicsStudioUITests;
			productReference = 179FE9C32F178F660090EBC9 /* SabaiPicsStudioUITests.xctest */;
			productType = "com.apple.product-type.bundle.ui-testing";
		};
/* End PBXNativeTarget section */

/* Begin PBXProject section */
		179FE9A42F178F650090EBC9 /* Project object */ = {
			isa = PBXProject;
			attributes = {
				BuildIndependentTargetsInParallel = 1;
				LastSwiftUpdateCheck = 1640;
				LastUpgradeCheck = 1640;
				TargetAttributes = {
					179FE9AB2F178F650090EBC9 = {
						CreatedOnToolsVersion = 16.4;
					};
					179FE9B82F178F660090EBC9 = {
						CreatedOnToolsVersion = 16.4;
						TestTargetID = 179FE9AB2F178F650090EBC9;
					};
					179FE9C22F178F660090EBC9 = {
						CreatedOnToolsVersion = 16.4;
						TestTargetID = 179FE9AB2F178F650090EBC9;
					};
				};
			};
			buildConfigurationList = 179FE9A72F178F650090EBC9 /* Build configuration list for PBXProject "SabaiPicsStudio" */;
			developmentRegion = en;
			hasScannedForEncodings = 0;
			knownRegions = (
				en,
				Base,
			);
			mainGroup = 179FE9A32F178F650090EBC9;
			minimizedProjectReferenceProxies = 1;
			packageReferences = (
				18C1A0D42F1A000100000001 /* XCRemoteSwiftPackageReference "clerk-ios" */,
			);
			preferredProjectObjectVersion = 77;
			productRefGroup = 179FE9AD2F178F650090EBC9 /* Products */;
			projectDirPath = "";
			projectReferences = (
				{
					ProductGroup = 17D895BC2F17E09B00FE1698 /* Products */;
					ProjectRef = 17D895BB2F17E09B00FE1698 /* GPhoto2Framework.xcodeproj */;
				},
			);
			projectRoot = "";
			targets = (
				179FE9AB2F178F650090EBC9 /* SabaiPicsStudio */,
				179FE9B82F178F660090EBC9 /* SabaiPicsStudioTests */,
				179FE9C22F178F660090EBC9 /* SabaiPicsStudioUITests */,
			);
		};
/* End PBXProject section */

/* Begin PBXReferenceProxy section */
		17D895C32F17E09B00FE1698 /* gphoto2.framework */ = {
			isa = PBXReferenceProxy;
			fileType = wrapper.framework;
			path = gphoto2.framework;
			remoteRef = 17D895C22F17E09B00FE1698 /* PBXContainerItemProxy */;
			sourceTree = BUILT_PRODUCTS_DIR;
		};
/* End PBXReferenceProxy section */

/* Begin PBXResourcesBuildPhase section */
		179FE9AA2F178F650090EBC9 /* Resources */ = {
			isa = PBXResourcesBuildPhase;
			buildActionMask = 2147483647;
			files = (
			);
			runOnlyForDeploymentPostprocessing = 0;
		};
		179FE9B72F178F660090EBC9 /* Resources */ = {
			isa = PBXResourcesBuildPhase;
			buildActionMask = 2147483647;
			files = (
			);
			runOnlyForDeploymentPostprocessing = 0;
		};
		179FE9C12F178F660090EBC9 /* Resources */ = {
			isa = PBXResourcesBuildPhase;
			buildActionMask = 2147483647;
			files = (
			);
			runOnlyForDeploymentPostprocessing = 0;
		};
/* End PBXResourcesBuildPhase section */

/* Begin PBXSourcesBuildPhase section */
		179FE9A82F178F650090EBC9 /* Sources */ = {
			isa = PBXSourcesBuildPhase;
			buildActionMask = 2147483647;
			files = (
			);
			runOnlyForDeploymentPostprocessing = 0;
		};
		179FE9B52F178F660090EBC9 /* Sources */ = {
			isa = PBXSourcesBuildPhase;
			buildActionMask = 2147483647;
			files = (
			);
			runOnlyForDeploymentPostprocessing = 0;
		};
		179FE9BF2F178F660090EBC9 /* Sources */ = {
			isa = PBXSourcesBuildPhase;
			buildActionMask = 2147483647;
			files = (
			);
			runOnlyForDeploymentPostprocessing = 0;
		};
/* End PBXSourcesBuildPhase section */

/* Begin PBXTargetDependency section */
		179FE9BB2F178F660090EBC9 /* PBXTargetDependency */ = {
			isa = PBXTargetDependency;
			target = 179FE9AB2F178F650090EBC9 /* SabaiPicsStudio */;
			targetProxy = 179FE9BA2F178F660090EBC9 /* PBXContainerItemProxy */;
		};
		179FE9C52F178F660090EBC9 /* PBXTargetDependency */ = {
			isa = PBXTargetDependency;
			target = 179FE9AB2F178F650090EBC9 /* SabaiPicsStudio */;
			targetProxy = 179FE9C42F178F660090EBC9 /* PBXContainerItemProxy */;
		};
/* End PBXTargetDependency section */

/* Begin XCBuildConfiguration section */
		179FE9CB2F178F660090EBC9 /* Debug */ = {
			isa = XCBuildConfiguration;
			buildSettings = {
				ALWAYS_SEARCH_USER_PATHS = NO;
				ASSETCATALOG_COMPILER_GENERATE_SWIFT_ASSET_SYMBOL_EXTENSIONS = YES;
				CLANG_ANALYZER_NONNULL = YES;
				CLANG_ANALYZER_NUMBER_OBJECT_CONVERSION = YES_AGGRESSIVE;
				CLANG_CXX_LANGUAGE_STANDARD = "gnu++20";
				CLANG_ENABLE_MODULES = YES;
				CLANG_ENABLE_OBJC_ARC = YES;
				CLANG_ENABLE_OBJC_WEAK = YES;
				CLANG_WARN_BLOCK_CAPTURE_AUTORELEASING = YES;
				CLANG_WARN_BOOL_CONVERSION = YES;
				CLANG_WARN_COMMA = YES;
				CLANG_WARN_CONSTANT_CONVERSION = YES;
				CLANG_WARN_DEPRECATED_OBJC_IMPLEMENTATIONS = YES;
				CLANG_WARN_DIRECT_OBJC_ISA_USAGE = YES_ERROR;
				CLANG_WARN_DOCUMENTATION_COMMENTS = YES;
				CLANG_WARN_EMPTY_BODY = YES;
				CLANG_WARN_ENUM_CONVERSION = YES;
				CLANG_WARN_INFINITE_RECURSION = YES;
				CLANG_WARN_INT_CONVERSION = YES;
				CLANG_WARN_NON_LITERAL_NULL_CONVERSION = YES;
				CLANG_WARN_OBJC_IMPLICIT_RETAIN_SELF = YES;
				CLANG_WARN_OBJC_LITERAL_CONVERSION = YES;
				CLANG_WARN_OBJC_ROOT_CLASS = YES_ERROR;
				CLANG_WARN_QUOTED_INCLUDE_IN_FRAMEWORK_HEADER = YES;
				CLANG_WARN_RANGE_LOOP_ANALYSIS = YES;
				CLANG_WARN_STRICT_PROTOTYPES = YES;
				CLANG_WARN_SUSPICIOUS_MOVE = YES;
				CLANG_WARN_UNGUARDED_AVAILABILITY = YES_AGGRESSIVE;
				CLANG_WARN_UNREACHABLE_CODE = YES;
				CLANG_WARN__DUPLICATE_METHOD_MATCH = YES;
				COPY_PHASE_STRIP = NO;
				DEBUG_INFORMATION_FORMAT = dwarf;
				DEVELOPMENT_TEAM = 6896G3Y4GD;
				ENABLE_STRICT_OBJC_MSGSEND = YES;
				ENABLE_TESTABILITY = YES;
				ENABLE_USER_SCRIPT_SANDBOXING = YES;
				GCC_C_LANGUAGE_STANDARD = gnu17;
				GCC_DYNAMIC_NO_PIC = NO;
				GCC_NO_COMMON_BLOCKS = YES;
				GCC_OPTIMIZATION_LEVEL = 0;
				GCC_PREPROCESSOR_DEFINITIONS = (
					"DEBUG=1",
					"$(inherited)",
				);
				GCC_WARN_64_TO_32_BIT_CONVERSION = YES;
				GCC_WARN_ABOUT_RETURN_TYPE = YES_ERROR;
				GCC_WARN_UNDECLARED_SELECTOR = YES;
				GCC_WARN_UNINITIALIZED_AUTOS = YES_AGGRESSIVE;
				GCC_WARN_UNUSED_FUNCTION = YES;
				GCC_WARN_UNUSED_VARIABLE = YES;
				IPHONEOS_DEPLOYMENT_TARGET = 18.5;
				LOCALIZATION_PREFERS_STRING_CATALOGS = YES;
				MTL_ENABLE_DEBUG_INFO = INCLUDE_SOURCE;
				MTL_FAST_MATH = YES;
				ONLY_ACTIVE_ARCH = YES;
				SDKROOT = iphoneos;
				SWIFT_ACTIVE_COMPILATION_CONDITIONS = "DEBUG $(inherited)";
				SWIFT_OPTIMIZATION_LEVEL = "-Onone";
			};
			name = Debug;
		};
		179FE9CC2F178F660090EBC9 /* Release */ = {
			isa = XCBuildConfiguration;
			buildSettings = {
				ALWAYS_SEARCH_USER_PATHS = NO;
				ASSETCATALOG_COMPILER_GENERATE_SWIFT_ASSET_SYMBOL_EXTENSIONS = YES;
				CLANG_ANALYZER_NONNULL = YES;
				CLANG_ANALYZER_NUMBER_OBJECT_CONVERSION = YES_AGGRESSIVE;
				CLANG_CXX_LANGUAGE_STANDARD = "gnu++20";
				CLANG_ENABLE_MODULES = YES;
				CLANG_ENABLE_OBJC_ARC = YES;
				CLANG_ENABLE_OBJC_WEAK = YES;
				CLANG_WARN_BLOCK_CAPTURE_AUTORELEASING = YES;
				CLANG_WARN_BOOL_CONVERSION = YES;
				CLANG_WARN_COMMA = YES;
				CLANG_WARN_CONSTANT_CONVERSION = YES;
				CLANG_WARN_DEPRECATED_OBJC_IMPLEMENTATIONS = YES;
				CLANG_WARN_DIRECT_OBJC_ISA_USAGE = YES_ERROR;
				CLANG_WARN_DOCUMENTATION_COMMENTS = YES;
				CLANG_WARN_EMPTY_BODY = YES;
				CLANG_WARN_ENUM_CONVERSION = YES;
				CLANG_WARN_INFINITE_RECURSION = YES;
				CLANG_WARN_INT_CONVERSION = YES;
				CLANG_WARN_NON_LITERAL_NULL_CONVERSION = YES;
				CLANG_WARN_OBJC_IMPLICIT_RETAIN_SELF = YES;
				CLANG_WARN_OBJC_LITERAL_CONVERSION = YES;
				CLANG_WARN_OBJC_ROOT_CLASS = YES_ERROR;
				CLANG_WARN_QUOTED_INCLUDE_IN_FRAMEWORK_HEADER = YES;
				CLANG_WARN_RANGE_LOOP_ANALYSIS = YES;
				CLANG_WARN_STRICT_PROTOTYPES = YES;
				CLANG_WARN_SUSPICIOUS_MOVE = YES;
				CLANG_WARN_UNGUARDED_AVAILABILITY = YES_AGGRESSIVE;
				CLANG_WARN_UNREACHABLE_CODE = YES;
				CLANG_WARN__DUPLICATE_METHOD_MATCH = YES;
				COPY_PHASE_STRIP = NO;
				DEBUG_INFORMATION_FORMAT = "dwarf-with-dsym";
				DEVELOPMENT_TEAM = 6896G3Y4GD;
				ENABLE_NS_ASSERTIONS = NO;
				ENABLE_STRICT_OBJC_MSGSEND = YES;
				ENABLE_USER_SCRIPT_SANDBOXING = YES;
				GCC_C_LANGUAGE_STANDARD = gnu17;
				GCC_NO_COMMON_BLOCKS = YES;
				GCC_WARN_64_TO_32_BIT_CONVERSION = YES;
				GCC_WARN_ABOUT_RETURN_TYPE = YES_ERROR;
				GCC_WARN_UNDECLARED_SELECTOR = YES;
				GCC_WARN_UNINITIALIZED_AUTOS = YES_AGGRESSIVE;
				GCC_WARN_UNUSED_FUNCTION = YES;
				GCC_WARN_UNUSED_VARIABLE = YES;
				IPHONEOS_DEPLOYMENT_TARGET = 18.5;
				LOCALIZATION_PREFERS_STRING_CATALOGS = YES;
				MTL_ENABLE_DEBUG_INFO = NO;
				MTL_FAST_MATH = YES;
				SDKROOT = iphoneos;
				SWIFT_COMPILATION_MODE = wholemodule;
				VALIDATE_PRODUCT = YES;
			};
			name = Release;
		};
		179FE9CE2F178F660090EBC9 /* Debug */ = {
			isa = XCBuildConfiguration;
			baseConfigurationReference = 18C1A0D72F1A000100000001 /* Studio.Debug.xcconfig */;
			buildSettings = {
				ASSETCATALOG_COMPILER_APPICON_NAME = AppIcon;
				ASSETCATALOG_COMPILER_GLOBAL_ACCENT_COLOR_NAME = AccentColor;
				CODE_SIGN_STYLE = Automatic;
				CURRENT_PROJECT_VERSION = 1;
				DEVELOPMENT_TEAM = 6896G3Y4GD;
				ENABLE_PREVIEWS = YES;
				GENERATE_INFOPLIST_FILE = NO;
				INFOPLIST_FILE = "Config/SabaiPicsStudio-Info.plist";
				IPHONEOS_DEPLOYMENT_TARGET = 17.0;
				LD_RUNPATH_SEARCH_PATHS = (
					"$(inherited)",
					"@executable_path/Frameworks",
				);
				MARKETING_VERSION = 1.0;
				PRODUCT_BUNDLE_IDENTIFIER = sabaipics.SabaiPicsStudio;
				PRODUCT_NAME = "$(TARGET_NAME)";
				SWIFT_EMIT_LOC_STRINGS = YES;
				SWIFT_OBJC_BRIDGING_HEADER = "$(SRCROOT)/SabaiPicsStudio/SabaiPicsStudio-Bridging-Header.h";
				SWIFT_VERSION = 5.0;
				TARGETED_DEVICE_FAMILY = "1,2";
			};
			name = Debug;
		};
		179FE9CF2F178F660090EBC9 /* Release */ = {
			isa = XCBuildConfiguration;
			baseConfigurationReference = 18C1A0D82F1A000100000001 /* Studio.Release.xcconfig */;
			buildSettings = {
				ASSETCATALOG_COMPILER_APPICON_NAME = AppIcon;
				ASSETCATALOG_COMPILER_GLOBAL_ACCENT_COLOR_NAME = AccentColor;
				CODE_SIGN_STYLE = Automatic;
				CURRENT_PROJECT_VERSION = 1;
				DEVELOPMENT_TEAM = 6896G3Y4GD;
				ENABLE_PREVIEWS = YES;
				GENERATE_INFOPLIST_FILE = NO;
				INFOPLIST_FILE = "Config/SabaiPicsStudio-Info.plist";
				IPHONEOS_DEPLOYMENT_TARGET = 17.0;
				LD_RUNPATH_SEARCH_PATHS = (
					"$(inherited)",
					"@executable_path/Frameworks",
				);
				MARKETING_VERSION = 1.0;
				PRODUCT_BUNDLE_IDENTIFIER = sabaipics.SabaiPicsStudio;
				PRODUCT_NAME = "$(TARGET_NAME)";
				SWIFT_EMIT_LOC_STRINGS = YES;
				SWIFT_OBJC_BRIDGING_HEADER = "$(SRCROOT)/SabaiPicsStudio/SabaiPicsStudio-Bridging-Header.h";
				SWIFT_VERSION = 5.0;
				TARGETED_DEVICE_FAMILY = "1,2";
			};
			name = Release;
		};
		179FE9D12F178F660090EBC9 /* Debug */ = {
			isa = XCBuildConfiguration;
			buildSettings = {
				BUNDLE_LOADER = "$(TEST_HOST)";
				CODE_SIGN_STYLE = Automatic;
				CURRENT_PROJECT_VERSION = 1;
				DEVELOPMENT_TEAM = 6896G3Y4GD;
				GENERATE_INFOPLIST_FILE = YES;
				IPHONEOS_DEPLOYMENT_TARGET = 18.5;
				MARKETING_VERSION = 1.0;
				PRODUCT_BUNDLE_IDENTIFIER = sabaipics.SabaiPicsStudioTests;
				PRODUCT_NAME = "$(TARGET_NAME)";
				SWIFT_EMIT_LOC_STRINGS = NO;
				SWIFT_VERSION = 5.0;
				TARGETED_DEVICE_FAMILY = "1,2";
				TEST_HOST = "$(BUILT_PRODUCTS_DIR)/SabaiPicsStudio.app/$(BUNDLE_EXECUTABLE_FOLDER_PATH)/SabaiPicsStudio";
			};
			name = Debug;
		};
		179FE9D22F178F660090EBC9 /* Release */ = {
			isa = XCBuildConfiguration;
			buildSettings = {
				BUNDLE_LOADER = "$(TEST_HOST)";
				CODE_SIGN_STYLE = Automatic;
				CURRENT_PROJECT_VERSION = 1;
				DEVELOPMENT_TEAM = 6896G3Y4GD;
				GENERATE_INFOPLIST_FILE = YES;
				IPHONEOS_DEPLOYMENT_TARGET = 18.5;
				MARKETING_VERSION = 1.0;
				PRODUCT_BUNDLE_IDENTIFIER = sabaipics.SabaiPicsStudioTests;
				PRODUCT_NAME = "$(TARGET_NAME)";
				SWIFT_EMIT_LOC_STRINGS = NO;
				SWIFT_VERSION = 5.0;
				TARGETED_DEVICE_FAMILY = "1,2";
				TEST_HOST = "$(BUILT_PRODUCTS_DIR)/SabaiPicsStudio.app/$(BUNDLE_EXECUTABLE_FOLDER_PATH)/SabaiPicsStudio";
			};
			name = Release;
		};
		179FE9D42F178F660090EBC9 /* Debug */ = {
			isa = XCBuildConfiguration;
			buildSettings = {
				CODE_SIGN_STYLE = Automatic;
				CURRENT_PROJECT_VERSION = 1;
				DEVELOPMENT_TEAM = 6896G3Y4GD;
				GENERATE_INFOPLIST_FILE = YES;
				MARKETING_VERSION = 1.0;
				PRODUCT_BUNDLE_IDENTIFIER = sabaipics.SabaiPicsStudioUITests;
				PRODUCT_NAME = "$(TARGET_NAME)";
				SWIFT_EMIT_LOC_STRINGS = NO;
				SWIFT_VERSION = 5.0;
				TARGETED_DEVICE_FAMILY = "1,2";
				TEST_TARGET_NAME = SabaiPicsStudio;
			};
			name = Debug;
		};
		179FE9D52F178F660090EBC9 /* Release */ = {
			isa = XCBuildConfiguration;
			buildSettings = {
				CODE_SIGN_STYLE = Automatic;
				CURRENT_PROJECT_VERSION = 1;
				DEVELOPMENT_TEAM = 6896G3Y4GD;
				GENERATE_INFOPLIST_FILE = YES;
				MARKETING_VERSION = 1.0;
				PRODUCT_BUNDLE_IDENTIFIER = sabaipics.SabaiPicsStudioUITests;
				PRODUCT_NAME = "$(TARGET_NAME)";
				SWIFT_EMIT_LOC_STRINGS = NO;
				SWIFT_VERSION = 5.0;
				TARGETED_DEVICE_FAMILY = "1,2";
				TEST_TARGET_NAME = SabaiPicsStudio;
			};
			name = Release;
		};
/* End XCBuildConfiguration section */

/* Begin XCConfigurationList section */
		179FE9A72F178F650090EBC9 /* Build configuration list for PBXProject "SabaiPicsStudio" */ = {
			isa = XCConfigurationList;
			buildConfigurations = (
				179FE9CB2F178F660090EBC9 /* Debug */,
				179FE9CC2F178F660090EBC9 /* Release */,
			);
			defaultConfigurationIsVisible = 0;
			defaultConfigurationName = Release;
		};
		179FE9CD2F178F660090EBC9 /* Build configuration list for PBXNativeTarget "SabaiPicsStudio" */ = {
			isa = XCConfigurationList;
			buildConfigurations = (
				179FE9CE2F178F660090EBC9 /* Debug */,
				179FE9CF2F178F660090EBC9 /* Release */,
			);
			defaultConfigurationIsVisible = 0;
			defaultConfigurationName = Release;
		};
		179FE9D02F178F660090EBC9 /* Build configuration list for PBXNativeTarget "SabaiPicsStudioTests" */ = {
			isa = XCConfigurationList;
			buildConfigurations = (
				179FE9D12F178F660090EBC9 /* Debug */,
				179FE9D22F178F660090EBC9 /* Release */,
			);
			defaultConfigurationIsVisible = 0;
			defaultConfigurationName = Release;
		};
		179FE9D32F178F660090EBC9 /* Build configuration list for PBXNativeTarget "SabaiPicsStudioUITests" */ = {
			isa = XCConfigurationList;
			buildConfigurations = (
				179FE9D42F178F660090EBC9 /* Debug */,
				179FE9D52F178F660090EBC9 /* Release */,
			);
			defaultConfigurationIsVisible = 0;
			defaultConfigurationName = Release;
		};
/* End XCConfigurationList section */

/* Begin XCRemoteSwiftPackageReference section */
		18C1A0D42F1A000100000001 /* XCRemoteSwiftPackageReference "clerk-ios" */ = {
			isa = XCRemoteSwiftPackageReference;
			repositoryURL = "https://github.com/clerk/clerk-ios";
			requirement = {
				kind = upToNextMajorVersion;
				minimumVersion = 0.71.4;
			};
		};
/* End XCRemoteSwiftPackageReference section */

/* Begin XCSwiftPackageProductDependency section */
		18C1A0D52F1A000100000001 /* Clerk */ = {
			isa = XCSwiftPackageProductDependency;
			package = 18C1A0D42F1A000100000001 /* XCRemoteSwiftPackageReference "clerk-ios" */;
			productName = Clerk;
		};
/* End XCSwiftPackageProductDependency section */
	};
	rootObject = 179FE9A42F178F650090EBC9 /* Project object */;
}
